{
  "originHash" : "93763e9298f88a1ff017085a568123c7040b8ea9e3d77d6e475b8ec284d616ea",
  "pins" : [
    {
      "identity" : "capacitor-swift-pm",
      "kind" : "remoteSourceControl",
      "location" : "https://github.com/ionic-team/capacitor-swift-pm.git",
      "state" : {
        "revision" : "6afa7424fd2fcd8ca1e577478e8a00af284b7e82",
        "version" : "8.5.1"
      }
    },
    {
      "identity" : "ion-ios-filesystem",
      "kind" : "remoteSourceControl",
      "location" : "https://github.com/ionic-team/ion-ios-filesystem.git",
      "state" : {
        "revision" : "0d81e26e828ff9582807e2339112cedf2e0fab85",
        "version" : "1.1.2"
      }
    }
  ],
  "version" : 3
}
